
Microsoft Visual Studio Solution File, Format Version 12.00
# Visual Studio Version 17
VisualStudioVersion = 17.5.33530.505
MinimumVisualStudioVersion = 10.0.40219.1
Project("{FAE04EC0-301F-11D3-BF4B-00C04F79EFBC}") = "To-Do-consoleApplication", "To-Do-consoleApplication\To-Do-consoleApplication.csproj", "{29BA1799-2A40-4158-9085-7CA122E74852}"
EndProject
Global
	GlobalSection(SolutionConfigurationPlatforms) = preSolution
		Debug|Any CPU = Debug|Any CPU
		Release|Any CPU = Release|Any CPU
	EndGlobalSection
	GlobalSection(ProjectConfigurationPlatforms) = postSolution
		{29BA1799-2A40-4158-9085-7CA122E74852}.Debug|Any CPU.ActiveCfg = Debug|Any CPU
		{29BA1799-2A40-4158-9085-7CA122E74852}.Debug|Any CPU.Build.0 = Debug|Any CPU
		{29BA1799-2A40-4158-9085-7CA122E74852}.Release|Any CPU.ActiveCfg = Release|Any CPU
		{29BA1799-2A40-4158-9085-7CA122E74852}.Release|Any CPU.Build.0 = Release|Any CPU
	EndGlobalSection
	GlobalSection(SolutionProperties) = preSolution
		HideSolutionNode = FALSE
	EndGlobalSection
	GlobalSection(ExtensibilityGlobals) = postSolution
		SolutionGuid = {C4FFF85D-4D91-432E-94AA-DCC32AACD737}
	EndGlobalSection
EndGlobal
